
Microsoft Visual Studio Solution File, Format Version 12.00
# Visual Studio Version 17
VisualStudioVersion = 17.11.35327.3
MinimumVisualStudioVersion = 10.0.40219.1
Project("{FAE04EC0-301F-11D3-BF4B-00C04F79EFBC}") = "Data.SQL QueryDate", "Data.SQL QueryDate\Data.SQL QueryDate.csproj", "{3324B613-1953-452E-B8C3-A8CF4910D8A7}"
EndProject
Global
	GlobalSection(SolutionConfigurationPlatforms) = preSolution
		Debug|Any CPU = Debug|Any CPU
		Release|Any CPU = Release|Any CPU
	EndGlobalSection
	GlobalSection(ProjectConfigurationPlatforms) = postSolution
		{3324B613-1953-452E-B8C3-A8CF4910D8A7}.Debug|Any CPU.ActiveCfg = Debug|Any CPU
		{3324B613-1953-452E-B8C3-A8CF4910D8A7}.Debug|Any CPU.Build.0 = Debug|Any CPU
		{3324B613-1953-452E-B8C3-A8CF4910D8A7}.Release|Any CPU.ActiveCfg = Release|Any CPU
		{3324B613-1953-452E-B8C3-A8CF4910D8A7}.Release|Any CPU.Build.0 = Release|Any CPU
	EndGlobalSection
	GlobalSection(SolutionProperties) = preSolution
		HideSolutionNode = FALSE
	EndGlobalSection
	GlobalSection(ExtensibilityGlobals) = postSolution
		SolutionGuid = {8EF5D759-A81A-437D-BE0F-49B7DC61A2DA}
	EndGlobalSection
EndGlobal
